
Microsoft Visual Studio Solution File, Format Version 12.00
# Visual Studio Version 17
VisualStudioVersion = 17.3.32811.315
MinimumVisualStudioVersion = 10.0.40219.1
Project("{9A19103F-16F7-4668-BE54-9A1E7A4F7556}") = "Lab0", "Lab0\Lab0.csproj", "{8C74B13D-F24A-4569-8C0C-B81053B64F4B}"
EndProject
Project("{9A19103F-16F7-4668-BE54-9A1E7A4F7556}") = "Lab1", "Lab1\Lab1.csproj", "{2AB10AB6-221D-4292-84A1-4F4CA3A6EAF9}"
EndProject
Project("{9A19103F-16F7-4668-BE54-9A1E7A4F7556}") = "Lab2", "Lab2\Lab2.csproj", "{A864100C-4301-4CC8-B023-B01868A76088}"
EndProject
Project("{9A19103F-16F7-4668-BE54-9A1E7A4F7556}") = "GameEngine", "GameEngine\GameEngine.csproj", "{A623A910-DDEF-4CD6-90B5-BBADC72FE82D}"
EndProject
Project("{9A19103F-16F7-4668-BE54-9A1E7A4F7556}") = "Lab3", "Lab3\Lab3.csproj", "{3965A226-67A9-4AF2-9238-27D1A555C7DE}"
EndProject
Project("{9A19103F-16F7-4668-BE54-9A1E7A4F7556}") = "Lab4", "Lab4\Lab4.csproj", "{EEFB8282-AF21-4E5F-9DB8-E4EC939A33F2}"
EndProject
Project("{9A19103F-16F7-4668-BE54-9A1E7A4F7556}") = "Assignment1", "Assignment1\Assignment1.csproj", "{FD6C4F9B-E89B-44FE-B67A-6C6476859176}"
EndProject
Project("{9A19103F-16F7-4668-BE54-9A1E7A4F7556}") = "Lab5", "Lab5\Lab5.csproj", "{BBF208BA-8351-4857-A768-010F597BF582}"
EndProject
Project("{9A19103F-16F7-4668-BE54-9A1E7A4F7556}") = "Lab6", "Lab6\Lab6.csproj", "{0713AC8E-0B64-4035-B95F-D454BDE5A8DE}"
EndProject
Project("{9A19103F-16F7-4668-BE54-9A1E7A4F7556}") = "Lab7", "Lab7\Lab7.csproj", "{DBC0698F-C061-4223-8768-C0E1F3160887}"
EndProject
Project("{9A19103F-16F7-4668-BE54-9A1E7A4F7556}") = "Assignment2", "Assignment2\Assignment2.csproj", "{2B4D2F75-CE07-488E-9CBA-8D9531E698C7}"
EndProject
Project("{9A19103F-16F7-4668-BE54-9A1E7A4F7556}") = "Lab8", "Lab8\Lab8.csproj", "{0C0A7D0B-BB93-40C3-A0B2-799141AB172B}"
EndProject
Project("{9A19103F-16F7-4668-BE54-9A1E7A4F7556}") = "Lab9", "Lab9\Lab9.csproj", "{74F996BB-0144-4B56-9368-1EF205008B6F}"
EndProject
Project("{9A19103F-16F7-4668-BE54-9A1E7A4F7556}") = "Assignment3", "Assignment3\Assignment3.csproj", "{5642D57A-0320-44C4-99D0-8FD029BDE0D1}"
EndProject
Project("{9A19103F-16F7-4668-BE54-9A1E7A4F7556}") = "Lab10", "Lab10\Lab10.csproj", "{8530EB2D-A46F-49A3-9AB1-1825FAA62CCD}"
EndProject
Project("{9A19103F-16F7-4668-BE54-9A1E7A4F7556}") = "Lab11", "Lab11\Lab11.csproj", "{9962FD66-A611-4279-A190-4BBD3F9DEE98}"
EndProject
Project("{9A19103F-16F7-4668-BE54-9A1E7A4F7556}") = "Assignment4", "Assignment4\Assignment4.csproj", "{F54E5175-DB40-4D70-8E80-6B3A80182EFA}"
EndProject
Project("{9A19103F-16F7-4668-BE54-9A1E7A4F7556}") = "Assignment5", "Assignment5\Assignment5.csproj", "{A65360F6-63D9-4E7E-ABA3-B04F1CCA442F}"
EndProject
Project("{9A19103F-16F7-4668-BE54-9A1E7A4F7556}") = "Final", "Final\Final.csproj", "{FDBEF80C-FE60-41AC-9D2A-466B301EF014}"
EndProject
Global
	GlobalSection(SolutionConfigurationPlatforms) = preSolution
		Debug|Any CPU = Debug|Any CPU
		Debug|x64 = Debug|x64
		Debug|x86 = Debug|x86
		Release|Any CPU = Release|Any CPU
		Release|x64 = Release|x64
		Release|x86 = Release|x86
	EndGlobalSection
	GlobalSection(ProjectConfigurationPlatforms) = postSolution
		{8C74B13D-F24A-4569-8C0C-B81053B64F4B}.Debug|Any CPU.ActiveCfg = Debug|Any CPU
		{8C74B13D-F24A-4569-8C0C-B81053B64F4B}.Debug|Any CPU.Build.0 = Debug|Any CPU
		{8C74B13D-F24A-4569-8C0C-B81053B64F4B}.Debug|x64.ActiveCfg = Debug|x64
		{8C74B13D-F24A-4569-8C0C-B81053B64F4B}.Debug|x86.ActiveCfg = Debug|x86
		{8C74B13D-F24A-4569-8C0C-B81053B64F4B}.Release|Any CPU.ActiveCfg = Release|Any CPU
		{8C74B13D-F24A-4569-8C0C-B81053B64F4B}.Release|Any CPU.Build.0 = Release|Any CPU
		{8C74B13D-F24A-4569-8C0C-B81053B64F4B}.Release|x64.ActiveCfg = Release|x64
		{8C74B13D-F24A-4569-8C0C-B81053B64F4B}.Release|x64.Build.0 = Release|x64
		{8C74B13D-F24A-4569-8C0C-B81053B64F4B}.Release|x86.ActiveCfg = Release|x86
		{2AB10AB6-221D-4292-84A1-4F4CA3A6EAF9}.Debug|Any CPU.ActiveCfg = Debug|Any CPU
		{2AB10AB6-221D-4292-84A1-4F4CA3A6EAF9}.Debug|Any CPU.Build.0 = Debug|Any CPU
		{2AB10AB6-221D-4292-84A1-4F4CA3A6EAF9}.Debug|x64.ActiveCfg = Debug|x64
		{2AB10AB6-221D-4292-84A1-4F4CA3A6EAF9}.Debug|x86.ActiveCfg = Debug|x86
		{2AB10AB6-221D-4292-84A1-4F4CA3A6EAF9}.Release|Any CPU.ActiveCfg = Release|Any CPU
		{2AB10AB6-221D-4292-84A1-4F4CA3A6EAF9}.Release|Any CPU.Build.0 = Release|Any CPU
		{2AB10AB6-221D-4292-84A1-4F4CA3A6EAF9}.Release|x64.ActiveCfg = Release|x64
		{2AB10AB6-221D-4292-84A1-4F4CA3A6EAF9}.Release|x64.Build.0 = Release|x64
		{2AB10AB6-221D-4292-84A1-4F4CA3A6EAF9}.Release|x86.ActiveCfg = Release|x86
		{A864100C-4301-4CC8-B023-B01868A76088}.Debug|Any CPU.ActiveCfg = Debug|Any CPU
		{A864100C-4301-4CC8-B023-B01868A76088}.Debug|Any CPU.Build.0 = Debug|Any CPU
		{A864100C-4301-4CC8-B023-B01868A76088}.Debug|x64.ActiveCfg = Debug|x64
		{A864100C-4301-4CC8-B023-B01868A76088}.Debug|x86.ActiveCfg = Debug|x86
		{A864100C-4301-4CC8-B023-B01868A76088}.Release|Any CPU.ActiveCfg = Release|Any CPU
		{A864100C-4301-4CC8-B023-B01868A76088}.Release|Any CPU.Build.0 = Release|Any CPU
		{A864100C-4301-4CC8-B023-B01868A76088}.Release|x64.ActiveCfg = Release|x64
		{A864100C-4301-4CC8-B023-B01868A76088}.Release|x64.Build.0 = Release|x64
		{A864100C-4301-4CC8-B023-B01868A76088}.Release|x86.ActiveCfg = Release|x86
		{A623A910-DDEF-4CD6-90B5-BBADC72FE82D}.Debug|Any CPU.ActiveCfg = Debug|Any CPU
		{A623A910-DDEF-4CD6-90B5-BBADC72FE82D}.Debug|Any CPU.Build.0 = Debug|Any CPU
		{A623A910-DDEF-4CD6-90B5-BBADC72FE82D}.Debug|x64.ActiveCfg = Debug|x64
		{A623A910-DDEF-4CD6-90B5-BBADC72FE82D}.Debug|x86.ActiveCfg = Debug|x86
		{A623A910-DDEF-4CD6-90B5-BBADC72FE82D}.Release|Any CPU.ActiveCfg = Release|Any CPU
		{A623A910-DDEF-4CD6-90B5-BBADC72FE82D}.Release|Any CPU.Build.0 = Release|Any CPU
		{A623A910-DDEF-4CD6-90B5-BBADC72FE82D}.Release|x64.ActiveCfg = Release|x64
		{A623A910-DDEF-4CD6-90B5-BBADC72FE82D}.Release|x64.Build.0 = Release|x64
		{A623A910-DDEF-4CD6-90B5-BBADC72FE82D}.Release|x86.ActiveCfg = Release|x86
		{3965A226-67A9-4AF2-9238-27D1A555C7DE}.Debug|Any CPU.ActiveCfg = Debug|Any CPU
		{3965A226-67A9-4AF2-9238-27D1A555C7DE}.Debug|Any CPU.Build.0 = Debug|Any CPU
		{3965A226-67A9-4AF2-9238-27D1A555C7DE}.Debug|x64.ActiveCfg = Debug|x64
		{3965A226-67A9-4AF2-9238-27D1A555C7DE}.Debug|x86.ActiveCfg = Debug|x86
		{3965A226-67A9-4AF2-9238-27D1A555C7DE}.Release|Any CPU.ActiveCfg = Release|Any CPU
		{3965A226-67A9-4AF2-9238-27D1A555C7DE}.Release|Any CPU.Build.0 = Release|Any CPU
		{3965A226-67A9-4AF2-9238-27D1A555C7DE}.Release|x64.ActiveCfg = Release|x64
		{3965A226-67A9-4AF2-9238-27D1A555C7DE}.Release|x64.Build.0 = Release|x64
		{3965A226-67A9-4AF2-9238-27D1A555C7DE}.Release|x86.ActiveCfg = Release|x86
		{EEFB8282-AF21-4E5F-9DB8-E4EC939A33F2}.Debug|Any CPU.ActiveCfg = Debug|Any CPU
		{EEFB8282-AF21-4E5F-9DB8-E4EC939A33F2}.Debug|Any CPU.Build.0 = Debug|Any CPU
		{EEFB8282-AF21-4E5F-9DB8-E4EC939A33F2}.Debug|x64.ActiveCfg = Debug|x64
		{EEFB8282-AF21-4E5F-9DB8-E4EC939A33F2}.Debug|x86.ActiveCfg = Debug|x86
		{EEFB8282-AF21-4E5F-9DB8-E4EC939A33F2}.Release|Any CPU.ActiveCfg = Release|Any CPU
		{EEFB8282-AF21-4E5F-9DB8-E4EC939A33F2}.Release|Any CPU.Build.0 = Release|Any CPU
		{EEFB8282-AF21-4E5F-9DB8-E4EC939A33F2}.Release|x64.ActiveCfg = Release|x64
		{EEFB8282-AF21-4E5F-9DB8-E4EC939A33F2}.Release|x64.Build.0 = Release|x64
		{EEFB8282-AF21-4E5F-9DB8-E4EC939A33F2}.Release|x86.ActiveCfg = Release|x86
		{FD6C4F9B-E89B-44FE-B67A-6C6476859176}.Debug|Any CPU.ActiveCfg = Debug|Any CPU
		{FD6C4F9B-E89B-44FE-B67A-6C6476859176}.Debug|Any CPU.Build.0 = Debug|Any CPU
		{FD6C4F9B-E89B-44FE-B67A-6C6476859176}.Debug|x64.ActiveCfg = Debug|x64
		{FD6C4F9B-E89B-44FE-B67A-6C6476859176}.Debug|x86.ActiveCfg = Debug|x86
		{FD6C4F9B-E89B-44FE-B67A-6C6476859176}.Release|Any CPU.ActiveCfg = Release|Any CPU
		{FD6C4F9B-E89B-44FE-B67A-6C6476859176}.Release|Any CPU.Build.0 = Release|Any CPU
		{FD6C4F9B-E89B-44FE-B67A-6C6476859176}.Release|x64.ActiveCfg = Release|x64
		{FD6C4F9B-E89B-44FE-B67A-6C6476859176}.Release|x64.Build.0 = Release|x64
		{FD6C4F9B-E89B-44FE-B67A-6C6476859176}.Release|x86.ActiveCfg = Release|x86
		{BBF208BA-8351-4857-A768-010F597BF582}.Debug|Any CPU.ActiveCfg = Debug|Any CPU
		{BBF208BA-8351-4857-A768-010F597BF582}.Debug|Any CPU.Build.0 = Debug|Any CPU
		{BBF208BA-8351-4857-A768-010F597BF582}.Debug|x64.ActiveCfg = Debug|x64
		{BBF208BA-8351-4857-A768-010F597BF582}.Debug|x86.ActiveCfg = Debug|x86
		{BBF208BA-8351-4857-A768-010F597BF582}.Release|Any CPU.ActiveCfg = Release|Any CPU
		{BBF208BA-8351-4857-A768-010F597BF582}.Release|Any CPU.Build.0 = Release|Any CPU
		{BBF208BA-8351-4857-A768-010F597BF582}.Release|x64.ActiveCfg = Release|x64
		{BBF208BA-8351-4857-A768-010F597BF582}.Release|x64.Build.0 = Release|x64
		{BBF208BA-8351-4857-A768-010F597BF582}.Release|x86.ActiveCfg = Release|x86
		{0713AC8E-0B64-4035-B95F-D454BDE5A8DE}.Debug|Any CPU.ActiveCfg = Debug|Any CPU
		{0713AC8E-0B64-4035-B95F-D454BDE5A8DE}.Debug|Any CPU.Build.0 = Debug|Any CPU
		{0713AC8E-0B64-4035-B95F-D454BDE5A8DE}.Debug|x64.ActiveCfg = Debug|x64
		{0713AC8E-0B64-4035-B95F-D454BDE5A8DE}.Debug|x86.ActiveCfg = Debug|x86
		{0713AC8E-0B64-4035-B95F-D454BDE5A8DE}.Release|Any CPU.ActiveCfg = Release|Any CPU
		{0713AC8E-0B64-4035-B95F-D454BDE5A8DE}.Release|Any CPU.Build.0 = Release|Any CPU
		{0713AC8E-0B64-4035-B95F-D454BDE5A8DE}.Release|x64.ActiveCfg = Release|x64
		{0713AC8E-0B64-4035-B95F-D454BDE5A8DE}.Release|x64.Build.0 = Release|x64
		{0713AC8E-0B64-4035-B95F-D454BDE5A8DE}.Release|x86.ActiveCfg = Release|x86
		{DBC0698F-C061-4223-8768-C0E1F3160887}.Debug|Any CPU.ActiveCfg = Debug|Any CPU
		{DBC0698F-C061-4223-8768-C0E1F3160887}.Debug|Any CPU.Build.0 = Debug|Any CPU
		{DBC0698F-C061-4223-8768-C0E1F3160887}.Debug|x64.ActiveCfg = Debug|x64
		{DBC0698F-C061-4223-8768-C0E1F3160887}.Debug|x86.ActiveCfg = Debug|x86
		{DBC0698F-C061-4223-8768-C0E1F3160887}.Release|Any CPU.ActiveCfg = Release|Any CPU
		{DBC0698F-C061-4223-8768-C0E1F3160887}.Release|Any CPU.Build.0 = Release|Any CPU
		{DBC0698F-C061-4223-8768-C0E1F3160887}.Release|x64.ActiveCfg = Release|x64
		{DBC0698F-C061-4223-8768-C0E1F3160887}.Release|x64.Build.0 = Release|x64
		{DBC0698F-C061-4223-8768-C0E1F3160887}.Release|x86.ActiveCfg = Release|x86
		{2B4D2F75-CE07-488E-9CBA-8D9531E698C7}.Debug|Any CPU.ActiveCfg = Debug|Any CPU
		{2B4D2F75-CE07-488E-9CBA-8D9531E698C7}.Debug|Any CPU.Build.0 = Debug|Any CPU
		{2B4D2F75-CE07-488E-9CBA-8D9531E698C7}.Debug|x64.ActiveCfg = Debug|x64
		{2B4D2F75-CE07-488E-9CBA-8D9531E698C7}.Debug|x86.ActiveCfg = Debug|x86
		{2B4D2F75-CE07-488E-9CBA-8D9531E698C7}.Release|Any CPU.ActiveCfg = Release|Any CPU
		{2B4D2F75-CE07-488E-9CBA-8D9531E698C7}.Release|Any CPU.Build.0 = Release|Any CPU
		{2B4D2F75-CE07-488E-9CBA-8D9531E698C7}.Release|x64.ActiveCfg = Release|x64
		{2B4D2F75-CE07-488E-9CBA-8D9531E698C7}.Release|x64.Build.0 = Release|x64
		{2B4D2F75-CE07-488E-9CBA-8D9531E698C7}.Release|x86.ActiveCfg = Release|x86
		{0C0A7D0B-BB93-40C3-A0B2-799141AB172B}.Debug|Any CPU.ActiveCfg = Debug|Any CPU
		{0C0A7D0B-BB93-40C3-A0B2-799141AB172B}.Debug|Any CPU.Build.0 = Debug|Any CPU
		{0C0A7D0B-BB93-40C3-A0B2-799141AB172B}.Debug|x64.ActiveCfg = Debug|x64
		{0C0A7D0B-BB93-40C3-A0B2-799141AB172B}.Debug|x86.ActiveCfg = Debug|x86
		{0C0A7D0B-BB93-40C3-A0B2-799141AB172B}.Release|Any CPU.ActiveCfg = Release|Any CPU
		{0C0A7D0B-BB93-40C3-A0B2-799141AB172B}.Release|Any CPU.Build.0 = Release|Any CPU
		{0C0A7D0B-BB93-40C3-A0B2-799141AB172B}.Release|x64.ActiveCfg = Release|x64
		{0C0A7D0B-BB93-40C3-A0B2-799141AB172B}.Release|x64.Build.0 = Release|x64
		{0C0A7D0B-BB93-40C3-A0B2-799141AB172B}.Release|x86.ActiveCfg = Release|x86
		{74F996BB-0144-4B56-9368-1EF205008B6F}.Debug|Any CPU.ActiveCfg = Debug|Any CPU
		{74F996BB-0144-4B56-9368-1EF205008B6F}.Debug|Any CPU.Build.0 = Debug|Any CPU
		{74F996BB-0144-4B56-9368-1EF205008B6F}.Debug|x64.ActiveCfg = Debug|x64
		{74F996BB-0144-4B56-9368-1EF205008B6F}.Debug|x86.ActiveCfg = Debug|x86
		{74F996BB-0144-4B56-9368-1EF205008B6F}.Release|Any CPU.ActiveCfg = Release|Any CPU
		{74F996BB-0144-4B56-9368-1EF205008B6F}.Release|Any CPU.Build.0 = Release|Any CPU
		{74F996BB-0144-4B56-9368-1EF205008B6F}.Release|x64.ActiveCfg = Release|x64
		{74F996BB-0144-4B56-9368-1EF205008B6F}.Release|x64.Build.0 = Release|x64
		{74F996BB-0144-4B56-9368-1EF205008B6F}.Release|x86.ActiveCfg = Release|x86
		{5642D57A-0320-44C4-99D0-8FD029BDE0D1}.Debug|Any CPU.ActiveCfg = Debug|Any CPU
		{5642D57A-0320-44C4-99D0-8FD029BDE0D1}.Debug|Any CPU.Build.0 = Debug|Any CPU
		{5642D57A-0320-44C4-99D0-8FD029BDE0D1}.Debug|x64.ActiveCfg = Debug|x64
		{5642D57A-0320-44C4-99D0-8FD029BDE0D1}.Debug|x86.ActiveCfg = Debug|x86
		{5642D57A-0320-44C4-99D0-8FD029BDE0D1}.Release|Any CPU.ActiveCfg = Release|Any CPU
		{5642D57A-0320-44C4-99D0-8FD029BDE0D1}.Release|Any CPU.Build.0 = Release|Any CPU
		{5642D57A-0320-44C4-99D0-8FD029BDE0D1}.Release|x64.ActiveCfg = Release|x64
		{5642D57A-0320-44C4-99D0-8FD029BDE0D1}.Release|x64.Build.0 = Release|x64
		{5642D57A-0320-44C4-99D0-8FD029BDE0D1}.Release|x86.ActiveCfg = Release|x86
		{8530EB2D-A46F-49A3-9AB1-1825FAA62CCD}.Debug|Any CPU.ActiveCfg = Debug|Any CPU
		{8530EB2D-A46F-49A3-9AB1-1825FAA62CCD}.Debug|Any CPU.Build.0 = Debug|Any CPU
		{8530EB2D-A46F-49A3-9AB1-1825FAA62CCD}.Debug|x64.ActiveCfg = Debug|x64
		{8530EB2D-A46F-49A3-9AB1-1825FAA62CCD}.Debug|x86.ActiveCfg = Debug|x86
		{8530EB2D-A46F-49A3-9AB1-1825FAA62CCD}.Release|Any CPU.ActiveCfg = Release|Any CPU
		{8530EB2D-A46F-49A3-9AB1-1825FAA62CCD}.Release|Any CPU.Build.0 = Release|Any CPU
		{8530EB2D-A46F-49A3-9AB1-1825FAA62CCD}.Release|x64.ActiveCfg = Release|x64
		{8530EB2D-A46F-49A3-9AB1-1825FAA62CCD}.Release|x64.Build.0 = Release|x64
		{8530EB2D-A46F-49A3-9AB1-1825FAA62CCD}.Release|x86.ActiveCfg = Release|x86
		{9962FD66-A611-4279-A190-4BBD3F9DEE98}.Debug|Any CPU.ActiveCfg = Debug|Any CPU
		{9962FD66-A611-4279-A190-4BBD3F9DEE98}.Debug|Any CPU.Build.0 = Debug|Any CPU
		{9962FD66-A611-4279-A190-4BBD3F9DEE98}.Debug|x64.ActiveCfg = Debug|x64
		{9962FD66-A611-4279-A190-4BBD3F9DEE98}.Debug|x86.ActiveCfg = Debug|x86
		{9962FD66-A611-4279-A190-4BBD3F9DEE98}.Release|Any CPU.ActiveCfg = Release|Any CPU
		{9962FD66-A611-4279-A190-4BBD3F9DEE98}.Release|Any CPU.Build.0 = Release|Any CPU
		{9962FD66-A611-4279-A190-4BBD3F9DEE98}.Release|x64.ActiveCfg = Release|x64
		{9962FD66-A611-4279-A190-4BBD3F9DEE98}.Release|x64.Build.0 = Release|x64
		{9962FD66-A611-4279-A190-4BBD3F9DEE98}.Release|x86.ActiveCfg = Release|x86
		{F54E5175-DB40-4D70-8E80-6B3A80182EFA}.Debug|Any CPU.ActiveCfg = Debug|Any CPU
		{F54E5175-DB40-4D70-8E80-6B3A80182EFA}.Debug|Any CPU.Build.0 = Debug|Any CPU
		{F54E5175-DB40-4D70-8E80-6B3A80182EFA}.Debug|x64.ActiveCfg = Debug|x64
		{F54E5175-DB40-4D70-8E80-6B3A80182EFA}.Debug|x86.ActiveCfg = Debug|x86
		{F54E5175-DB40-4D70-8E80-6B3A80182EFA}.Release|Any CPU.ActiveCfg = Release|Any CPU
		{F54E5175-DB40-4D70-8E80-6B3A80182EFA}.Release|Any CPU.Build.0 = Release|Any CPU
		{F54E5175-DB40-4D70-8E80-6B3A80182EFA}.Release|x64.ActiveCfg = Release|x64
		{F54E5175-DB40-4D70-8E80-6B3A80182EFA}.Release|x64.Build.0 = Release|x64
		{F54E5175-DB40-4D70-8E80-6B3A80182EFA}.Release|x86.ActiveCfg = Release|x86
		{A65360F6-63D9-4E7E-ABA3-B04F1CCA442F}.Debug|Any CPU.ActiveCfg = Debug|Any CPU
		{A65360F6-63D9-4E7E-ABA3-B04F1CCA442F}.Debug|Any CPU.Build.0 = Debug|Any CPU
		{A65360F6-63D9-4E7E-ABA3-B04F1CCA442F}.Debug|x64.ActiveCfg = Debug|x64
		{A65360F6-63D9-4E7E-ABA3-B04F1CCA442F}.Debug|x86.ActiveCfg = Debug|x86
		{A65360F6-63D9-4E7E-ABA3-B04F1CCA442F}.Release|Any CPU.ActiveCfg = Release|Any CPU
		{A65360F6-63D9-4E7E-ABA3-B04F1CCA442F}.Release|Any CPU.Build.0 = Release|Any CPU
		{A65360F6-63D9-4E7E-ABA3-B04F1CCA442F}.Release|x64.ActiveCfg = Release|x64
		{A65360F6-63D9-4E7E-ABA3-B04F1CCA442F}.Release|x64.Build.0 = Release|x64
		{A65360F6-63D9-4E7E-ABA3-B04F1CCA442F}.Release|x86.ActiveCfg = Release|x86
		{FDBEF80C-FE60-41AC-9D2A-466B301EF014}.Debug|Any CPU.ActiveCfg = Debug|Any CPU
		{FDBEF80C-FE60-41AC-9D2A-466B301EF014}.Debug|Any CPU.Build.0 = Debug|Any CPU
		{FDBEF80C-FE60-41AC-9D2A-466B301EF014}.Debug|x64.ActiveCfg = Release|x64
		{FDBEF80C-FE60-41AC-9D2A-466B301EF014}.Debug|x64.Build.0 = Release|x64
		{FDBEF80C-FE60-41AC-9D2A-466B301EF014}.Debug|x86.ActiveCfg = Release|x86
		{FDBEF80C-FE60-41AC-9D2A-466B301EF014}.Debug|x86.Build.0 = Release|x86
		{FDBEF80C-FE60-41AC-9D2A-466B301EF014}.Release|Any CPU.ActiveCfg = Release|Any CPU
		{FDBEF80C-FE60-41AC-9D2A-466B301EF014}.Release|Any CPU.Build.0 = Release|Any CPU
		{FDBEF80C-FE60-41AC-9D2A-466B301EF014}.Release|x64.ActiveCfg = Release|x64
		{FDBEF80C-FE60-41AC-9D2A-466B301EF014}.Release|x64.Build.0 = Release|x64
		{FDBEF80C-FE60-41AC-9D2A-466B301EF014}.Release|x86.ActiveCfg = Release|x86
		{FDBEF80C-FE60-41AC-9D2A-466B301EF014}.Release|x86.Build.0 = Release|x86
	EndGlobalSection
	GlobalSection(SolutionProperties) = preSolution
		HideSolutionNode = FALSE
	EndGlobalSection
	GlobalSection(ExtensibilityGlobals) = postSolution
		SolutionGuid = {19A1EE11-E3F4-4E0C-A807-968B3D8B7E67}
	EndGlobalSection
EndGlobal
