
Microsoft Visual Studio Solution File, Format Version 12.00
# Visual Studio Version 17
VisualStudioVersion = 17.3.32811.315
MinimumVisualStudioVersion = 10.0.40219.1
Project("{9A19103F-16F7-4668-BE54-9A1E7A4F7556}") = "Lab0", "Lab0\Lab0.csproj", "{8C74B13D-F24A-4569-8C0C-B81053B64F4B}"
EndProject
Project("{9A19103F-16F7-4668-BE54-9A1E7A4F7556}") = "Lab1", "Lab1\Lab1.csproj", "{2AB10AB6-221D-4292-84A1-4F4CA3A6EAF9}"
EndProject
Project("{9A19103F-16F7-4668-BE54-9A1E7A4F7556}") = "Lab2", "Lab2\Lab2.csproj", "{A864100C-4301-4CC8-B023-B01868A76088}"
EndProject
Project("{9A19103F-16F7-4668-BE54-9A1E7A4F7556}") = "GameEngine", "GameEngine\GameEngine.csproj", "{A623A910-DDEF-4CD6-90B5-BBADC72FE82D}"
EndProject
Project("{9A19103F-16F7-4668-BE54-9A1E7A4F7556}") = "Lab3", "Lab3\Lab3.csproj", "{3965A226-67A9-4AF2-9238-27D1A555C7DE}"
EndProject
Project("{9A19103F-16F7-4668-BE54-9A1E7A4F7556}") = "Lab4", "Lab4\Lab4.csproj", "{EEFB8282-AF21-4E5F-9DB8-E4EC939A33F2}"
EndProject
Project("{9A19103F-16F7-4668-BE54-9A1E7A4F7556}") = "Assignment1", "Assignment1\Assignment1.csproj", "{FD6C4F9B-E89B-44FE-B67A-6C6476859176}"
EndProject
Project("{9A19103F-16F7-4668-BE54-9A1E7A4F7556}") = "Lab5", "Lab5\Lab5.csproj", "{BBF208BA-8351-4857-A768-010F597BF582}"
EndProject
Project("{9A19103F-16F7-4668-BE54-9A1E7A4F7556}") = "Lab6", "Lab6\Lab6.csproj", "{0713AC8E-0B64-4035-B95F-D454BDE5A8DE}"
EndProject
Project("{9A19103F-16F7-4668-BE54-9A1E7A4F7556}") = "Lab7", "Lab7\Lab7.csproj", "{DBC0698F-C061-4223-8768-C0E1F3160887}"
EndProject
Project("{9A19103F-16F7-4668-BE54-9A1E7A4F7556}") = "Assignment2", "Assignment2\Assignment2.csproj", "{2B4D2F75-CE07-488E-9CBA-8D9531E698C7}"
EndProject
Project("{9A19103F-16F7-4668-BE54-9A1E7A4F7556}") = "Lab8", "Lab8\Lab8.csproj", "{0C0A7D0B-BB93-40C3-A0B2-799141AB172B}"
EndProject
Project("{FAE04EC0-301F-11D3-BF4B-00C04F79EFBC}") = "Lab9", "Lab9\Lab9.csproj", "{74F996BB-0144-4B56-9368-1EF205008B6F}"
EndProject
Global
	GlobalSection(SolutionConfigurationPlatforms) = preSolution
		Debug|Any CPU = Debug|Any CPU
		Release|Any CPU = Release|Any CPU
	EndGlobalSection
	GlobalSection(ProjectConfigurationPlatforms) = postSolution
		{8C74B13D-F24A-4569-8C0C-B81053B64F4B}.Debug|Any CPU.ActiveCfg = Debug|Any CPU
		{8C74B13D-F24A-4569-8C0C-B81053B64F4B}.Debug|Any CPU.Build.0 = Debug|Any CPU
		{8C74B13D-F24A-4569-8C0C-B81053B64F4B}.Release|Any CPU.ActiveCfg = Release|Any CPU
		{8C74B13D-F24A-4569-8C0C-B81053B64F4B}.Release|Any CPU.Build.0 = Release|Any CPU
		{2AB10AB6-221D-4292-84A1-4F4CA3A6EAF9}.Debug|Any CPU.ActiveCfg = Debug|Any CPU
		{2AB10AB6-221D-4292-84A1-4F4CA3A6EAF9}.Debug|Any CPU.Build.0 = Debug|Any CPU
		{2AB10AB6-221D-4292-84A1-4F4CA3A6EAF9}.Release|Any CPU.ActiveCfg = Release|Any CPU
		{2AB10AB6-221D-4292-84A1-4F4CA3A6EAF9}.Release|Any CPU.Build.0 = Release|Any CPU
		{A864100C-4301-4CC8-B023-B01868A76088}.Debug|Any CPU.ActiveCfg = Debug|Any CPU
		{A864100C-4301-4CC8-B023-B01868A76088}.Debug|Any CPU.Build.0 = Debug|Any CPU
		{A864100C-4301-4CC8-B023-B01868A76088}.Release|Any CPU.ActiveCfg = Release|Any CPU
		{A864100C-4301-4CC8-B023-B01868A76088}.Release|Any CPU.Build.0 = Release|Any CPU
		{A623A910-DDEF-4CD6-90B5-BBADC72FE82D}.Debug|Any CPU.ActiveCfg = Debug|Any CPU
		{A623A910-DDEF-4CD6-90B5-BBADC72FE82D}.Debug|Any CPU.Build.0 = Debug|Any CPU
		{A623A910-DDEF-4CD6-90B5-BBADC72FE82D}.Release|Any CPU.ActiveCfg = Release|Any CPU
		{A623A910-DDEF-4CD6-90B5-BBADC72FE82D}.Release|Any CPU.Build.0 = Release|Any CPU
		{3965A226-67A9-4AF2-9238-27D1A555C7DE}.Debug|Any CPU.ActiveCfg = Debug|Any CPU
		{3965A226-67A9-4AF2-9238-27D1A555C7DE}.Debug|Any CPU.Build.0 = Debug|Any CPU
		{3965A226-67A9-4AF2-9238-27D1A555C7DE}.Release|Any CPU.ActiveCfg = Release|Any CPU
		{3965A226-67A9-4AF2-9238-27D1A555C7DE}.Release|Any CPU.Build.0 = Release|Any CPU
		{EEFB8282-AF21-4E5F-9DB8-E4EC939A33F2}.Debug|Any CPU.ActiveCfg = Debug|Any CPU
		{EEFB8282-AF21-4E5F-9DB8-E4EC939A33F2}.Debug|Any CPU.Build.0 = Debug|Any CPU
		{EEFB8282-AF21-4E5F-9DB8-E4EC939A33F2}.Release|Any CPU.ActiveCfg = Release|Any CPU
		{EEFB8282-AF21-4E5F-9DB8-E4EC939A33F2}.Release|Any CPU.Build.0 = Release|Any CPU
		{FD6C4F9B-E89B-44FE-B67A-6C6476859176}.Debug|Any CPU.ActiveCfg = Debug|Any CPU
		{FD6C4F9B-E89B-44FE-B67A-6C6476859176}.Debug|Any CPU.Build.0 = Debug|Any CPU
		{FD6C4F9B-E89B-44FE-B67A-6C6476859176}.Release|Any CPU.ActiveCfg = Release|Any CPU
		{FD6C4F9B-E89B-44FE-B67A-6C6476859176}.Release|Any CPU.Build.0 = Release|Any CPU
		{BBF208BA-8351-4857-A768-010F597BF582}.Debug|Any CPU.ActiveCfg = Debug|Any CPU
		{BBF208BA-8351-4857-A768-010F597BF582}.Debug|Any CPU.Build.0 = Debug|Any CPU
		{BBF208BA-8351-4857-A768-010F597BF582}.Release|Any CPU.ActiveCfg = Release|Any CPU
		{BBF208BA-8351-4857-A768-010F597BF582}.Release|Any CPU.Build.0 = Release|Any CPU
		{0713AC8E-0B64-4035-B95F-D454BDE5A8DE}.Debug|Any CPU.ActiveCfg = Debug|Any CPU
		{0713AC8E-0B64-4035-B95F-D454BDE5A8DE}.Debug|Any CPU.Build.0 = Debug|Any CPU
		{0713AC8E-0B64-4035-B95F-D454BDE5A8DE}.Release|Any CPU.ActiveCfg = Release|Any CPU
		{0713AC8E-0B64-4035-B95F-D454BDE5A8DE}.Release|Any CPU.Build.0 = Release|Any CPU
		{DBC0698F-C061-4223-8768-C0E1F3160887}.Debug|Any CPU.ActiveCfg = Debug|Any CPU
		{DBC0698F-C061-4223-8768-C0E1F3160887}.Debug|Any CPU.Build.0 = Debug|Any CPU
		{DBC0698F-C061-4223-8768-C0E1F3160887}.Release|Any CPU.ActiveCfg = Release|Any CPU
		{DBC0698F-C061-4223-8768-C0E1F3160887}.Release|Any CPU.Build.0 = Release|Any CPU
		{2B4D2F75-CE07-488E-9CBA-8D9531E698C7}.Debug|Any CPU.ActiveCfg = Debug|Any CPU
		{2B4D2F75-CE07-488E-9CBA-8D9531E698C7}.Debug|Any CPU.Build.0 = Debug|Any CPU
		{2B4D2F75-CE07-488E-9CBA-8D9531E698C7}.Release|Any CPU.ActiveCfg = Release|Any CPU
		{2B4D2F75-CE07-488E-9CBA-8D9531E698C7}.Release|Any CPU.Build.0 = Release|Any CPU
		{0C0A7D0B-BB93-40C3-A0B2-799141AB172B}.Debug|Any CPU.ActiveCfg = Debug|Any CPU
		{0C0A7D0B-BB93-40C3-A0B2-799141AB172B}.Debug|Any CPU.Build.0 = Debug|Any CPU
		{0C0A7D0B-BB93-40C3-A0B2-799141AB172B}.Release|Any CPU.ActiveCfg = Release|Any CPU
		{0C0A7D0B-BB93-40C3-A0B2-799141AB172B}.Release|Any CPU.Build.0 = Release|Any CPU
		{74F996BB-0144-4B56-9368-1EF205008B6F}.Debug|Any CPU.ActiveCfg = Debug|Any CPU
		{74F996BB-0144-4B56-9368-1EF205008B6F}.Debug|Any CPU.Build.0 = Debug|Any CPU
		{74F996BB-0144-4B56-9368-1EF205008B6F}.Release|Any CPU.ActiveCfg = Release|Any CPU
		{74F996BB-0144-4B56-9368-1EF205008B6F}.Release|Any CPU.Build.0 = Release|Any CPU
	EndGlobalSection
	GlobalSection(SolutionProperties) = preSolution
		HideSolutionNode = FALSE
	EndGlobalSection
	GlobalSection(ExtensibilityGlobals) = postSolution
		SolutionGuid = {19A1EE11-E3F4-4E0C-A807-968B3D8B7E67}
	EndGlobalSection
EndGlobal
